
Microsoft Visual Studio Solution File, Format Version 12.00
# Visual Studio Express 2012 for Windows Desktop
Project("{FAE04EC0-301F-11D3-BF4B-00C04F79EFBC}") = "CodeCast", "CodeCast\CodeCast.csproj", "{04D43535-A5D6-41A8-B3AF-22F67BB7A3BE}"
EndProject
Global
	GlobalSection(SolutionConfigurationPlatforms) = preSolution
		Debug|Any CPU = Debug|Any CPU
		Release|Any CPU = Release|Any CPU
	EndGlobalSection
	GlobalSection(ProjectConfigurationPlatforms) = postSolution
		{04D43535-A5D6-41A8-B3AF-22F67BB7A3BE}.Debug|Any CPU.ActiveCfg = Debug|Any CPU
		{04D43535-A5D6-41A8-B3AF-22F67BB7A3BE}.Debug|Any CPU.Build.0 = Debug|Any CPU
		{04D43535-A5D6-41A8-B3AF-22F67BB7A3BE}.Release|Any CPU.ActiveCfg = Release|Any CPU
		{04D43535-A5D6-41A8-B3AF-22F67BB7A3BE}.Release|Any CPU.Build.0 = Release|Any CPU
	EndGlobalSection
	GlobalSection(SolutionProperties) = preSolution
		HideSolutionNode = FALSE
	EndGlobalSection
EndGlobal
